<?xml version="1.0" encoding="utf-8"?>
<Project ToolsVersion="4.0" xmlns="http://schemas.microsoft.com/developer/msbuild/2003">
  <ItemGroup>
    <ClCompile Include="Source\Application\GameObject\UI\PauseScreen.cpp" />
    <ClCompile Include="Source\Application\GameObject\Enemy\EnemyShotWaveManager.cpp" />
    <ClCompile Include="Source\Application\GameObject\Enemy\EnemyShockWaveManager.cpp" />
    <ClCompile Include="Source\Application\GameObject\Enemy\EnemyShockWave.cpp" />
    <ClCompile Include="Source\Application\GameObject\Enemy\EnemyBomb.cpp" />
    <ClCompile Include="Source\Application\GameObject\Enemy\EnemyBombManager.cpp" />
    <ClCompile Include="Source\Application\GameObject\Enemy\EnemyFloorChangeManager.cpp" />
    <ClCompile Include="Source\Application\GameObject\MatsumotoObj\GameSceneObj\FloorActionManager.cpp" />
    <ClCompile Include="Source\Application\GameObject\MatsumotoObj\GameSceneObj\FloorGamePlayerAnimationManager.cpp" />
    <ClCompile Include="Source\Application\GameObject\MatsumotoObj\GameSceneObj\PlayerStripFloorManager.cpp" />
    <ClCompile Include="Source\Application\GameObject\MatsumotoObj\GameSceneObj\StrippedFloor.cpp" />
    <ClCompile Include="Source\Application\GameObject\UI\HPIcon.cpp" />
    <ClCompile Include="Source\Application\GameObject\UI\HPGage.cpp" />
    <ClCompile Include="Source\Application\GameObject\Enemy\EnemyShotBulletManager.cpp" />
    <ClCompile Include="Source\Application\GameObject\Enemy\EnemyBulletManager.cpp" />
    <ClCompile Include="Source\Application\GameObject\Enemy\EnemyBullet.cpp" />
    <ClCompile Include="Source\Application\Scene\ResultScene.cpp" />
    <ClCompile Include="Source\Application\GameObject\MatsumotoObj\GameSceneObj\FloorBullet.cpp" />
    <ClCompile Include="Source\Application\GameObject\MatsumotoObj\GameSceneObj\FloorBulletManager.cpp" />
    <ClCompile Include="Source\Application\GameObject\MatsumotoObj\GameSceneObj\FloorGameFloor.cpp" />
    <ClCompile Include="Source\Application\GameObject\MatsumotoObj\GameSceneObj\FloorGameFloorManager.cpp" />
    <ClCompile Include="Source\Application\GameObject\MatsumotoObj\GameSceneObj\FloorGamePlayer.cpp" />
    <ClCompile Include="Source\Application\GameObject\MatsumotoObj\GameSceneObj\FloorPlayerShotBulletManager.cpp" />
    <ClCompile Include="Source\Application\GameObject\MatsumotoObj\GameSceneObj\FloorPlayerStripTargetUI.cpp" />
    <ClCompile Include="Source\Application\GameObject\MatsumotoObj\GameSceneObj\FloorStripManager.cpp" />
    <ClCompile Include="Source\Application\GameObject\MatsumotoObj\MY_Utility.cpp" />
    <ClCompile Include="Source\Application\Scene\GameScene.cpp" />
    <ClCompile Include="Source\Application\GameObject\Enemy\Enemy.cpp" />
    <ClCompile Include="externals\imgui\imgui.cpp" />
    <ClCompile Include="Source\Application\System\Collider.cpp" />
    <ClCompile Include="Source\Engine\JsonFile\JsonFile.cpp" />
    <ClCompile Include="Source\Engine\Mesh\Circle\CircleMesh.cpp" />
    <ClCompile Include="Source\Engine\Particle\ParticleEmitter.cpp" />
    <ClCompile Include="Source\Engine\Object3d\Object3d.cpp" />
    <ClCompile Include="Source\Engine\SceneManager\SceneChange.cpp" />
    <ClCompile Include="Source\Application\System\CollisionManager.cpp" />
    <ClCompile Include="Source\Engine\Math\Matrix\Matrix3x3.cpp" />
    <ClCompile Include="Source\Engine\Math\Random\Random.cpp" />
    <ClCompile Include="Source\Engine\Mesh\MeshCommon\MeshCommon.cpp" />
    <ClCompile Include="Source\Engine\SceneManager\SceneManager.cpp" />
    <ClCompile Include="Source\Engine\Mesh\Model\ModelManager.cpp" />
    <ClCompile Include="Source\Engine\Mesh\Plane\PlaneMesh.cpp" />
    <ClCompile Include="Source\Engine\DirectXCommon\DirectXCommon.cpp" />
    <ClCompile Include="Source\Engine\Particle\Particle.cpp" />
    <ClCompile Include="Source\Engine\DirectXCommon\MyEngine.cpp" />
    <ClCompile Include="Source\Engine\ImGui\DebugUI.cpp" />
    <ClCompile Include="Source\Engine\Mesh\Cube\CubeMesh.cpp" />
    <ClCompile Include="Source\Engine\Mesh\Line\LineMesh.cpp" />
    <ClCompile Include="Source\Engine\Mesh\Grid\DrawGrid.cpp" />
    <ClCompile Include="Source\Engine\Math\Collision\Collision.cpp" />
    <ClCompile Include="Source\Engine\Math\Vector\Vector2.cpp" />
    <ClCompile Include="Source\Engine\Math\Vector\Vector4.cpp" />
    <ClCompile Include="Source\Engine\PSO\RootSignature.cpp" />
    <ClCompile Include="Source\Engine\PSO\InputLayout.cpp" />
    <ClCompile Include="Source\Engine\DirectXCommon\GPU.cpp" />
    <ClCompile Include="Source\Engine\ImGui\ImGuiClass.cpp" />
    <ClCompile Include="Source\Engine\Surface\MaterialResource.cpp" />
    <ClCompile Include="Source\Engine\Math\Lerp\Easing.cpp" />
    <ClCompile Include="Source\Engine\Math\Lerp\Lerp.cpp" />
    <ClCompile Include="Source\Engine\Math\Matrix\Matrix4x4.cpp" />
    <ClCompile Include="Source\Engine\Math\Vector\Vector3.cpp" />
    <ClCompile Include="Source\Engine\Math\WorldTransform\WorldTransform.cpp" />
    <ClCompile Include="Source\Engine\Mesh\Model\Model.cpp" />
    <ClCompile Include="Source\Engine\DirectXCommon\ScissorRect.cpp" />
    <ClCompile Include="Source\Engine\PSO\BlendState.cpp" />
    <ClCompile Include="Source\Engine\PSO\CompileShader.cpp" />
    <ClCompile Include="Source\Engine\DirectXCommon\Log.cpp" />
    <ClCompile Include="Source\Engine\DirectXCommon\Fence.cpp" />
    <ClCompile Include="Source\Engine\DirectXCommon\DebugError.cpp" />
    <ClCompile Include="Source\Engine\PSO\PSO.cpp" />
    <ClCompile Include="Source\Engine\PSO\RasterizerState.cpp" />
    <ClCompile Include="Source\Engine\DirectXCommon\RenderTargetView.cpp" />
    <ClCompile Include="Source\Engine\DirectXCommon\CommandList.cpp" />
    <ClCompile Include="Source\Engine\DirectXCommon\CommandQueue.cpp" />
    <ClCompile Include="Source\Engine\DirectXCommon\DXGIFactory.cpp" />
    <ClCompile Include="Source\Engine\Camera\Camera.cpp" />
    <ClCompile Include="Source\Engine\Camera\DebugCamera.cpp" />
    <ClCompile Include="externals\imgui\imgui_demo.cpp" />
    <ClCompile Include="externals\imgui\imgui_draw.cpp" />
    <ClCompile Include="externals\imgui\imgui_impl_dx12.cpp" />
    <ClCompile Include="externals\imgui\imgui_impl_win32.cpp" />
    <ClCompile Include="externals\imgui\imgui_tables.cpp" />
    <ClCompile Include="externals\imgui\imgui_widgets.cpp" />
    <ClCompile Include="Source\main.cpp" />
    <ClCompile Include="Source\Engine\Math\Cotangent\cotangent.cpp" />
    <ClCompile Include="Source\Engine\PSO\Depth.cpp" />
    <ClCompile Include="Source\Engine\Input\Input.cpp" />
    <ClCompile Include="Source\Engine\Math\Matrix\MakeMatrix.cpp" />
    <ClCompile Include="Source\Engine\Surface\MaterialData.cpp" />
    <ClCompile Include="Source\Engine\Math\SphericalCoordinate\SphericalCoordinate.cpp" />
    <ClCompile Include="Source\Engine\Sound\Sound.cpp" />
    <ClCompile Include="Source\Engine\Math\CoordinateTransform\CoordinateTransform.cpp" />
    <ClCompile Include="Source\Engine\DirectXCommon\Window.cpp" />
    <ClCompile Include="Source\Engine\DirectXCommon\SwapChain.cpp" />
    <ClCompile Include="Source\Engine\DirectXCommon\TransitionBarrier.cpp" />
    <ClCompile Include="Source\Engine\DirectXCommon\Viewport.cpp" />
    <ClCompile Include="Source\Engine\Mesh\Sprite\Sprite.cpp" />
    <ClCompile Include="Source\Engine\Mesh\Sphere\SphereMesh.cpp" />
    <ClCompile Include="Source\Engine\DirectXCommon\StringUtility.cpp" />
    <ClCompile Include="Source\Engine\Mesh\Sprite\SpriteCommon.cpp" />
    <ClCompile Include="Source\Engine\Surface\Texture.cpp" />
    <ClCompile Include="Source\Engine\Camera\SpriteCamera.cpp" />
    <ClCompile Include="Source\Engine\SRVmanager\SrvManager.cpp" />
    <ClCompile Include="Source\Application\GameObject\UI\UIManager.cpp" />
    <ClCompile Include="Source\Application\GameObject\MatsumotoObj\KeyBindConfig.cpp" />
    <ClCompile Include="Source\Application\Scene\TitleScene.cpp" />
    <ClCompile Include="Source\Application\GameObject\MatsumotoObj\TitleSceneObj\ActionUI.cpp" />
    <ClCompile Include="Source\Application\GameObject\MatsumotoObj\TitleSceneObj\BossDummy.cpp" />
    <ClCompile Include="Source\Application\GameObject\MatsumotoObj\TitleSceneObj\LetterboxBars.cpp" />
    <ClCompile Include="Source\Application\GameObject\MatsumotoObj\TitleSceneObj\TitleText.cpp" />
    <ClCompile Include="Source\Application\System\CameraController.cpp" />
    <ClCompile Include="Source\Application\GameObject\MatsumotoObj\GameSceneObj\HealItem.cpp" />
    <ClCompile Include="Source\Application\GameObject\MatsumotoObj\GameSceneObj\HealItemSpawner.cpp" />
    <ClCompile Include="Source\Application\GameObject\MatsumotoObj\ResultSceneObj\ResultSprite.cpp" />
    <ClCompile Include="Source\Application\GameObject\MatsumotoObj\GameSceneObj\Data\FloorData.cpp" />
    <ClCompile Include="Source\Engine\Input\VibrateManager.cpp" />
    <ClCompile Include="Source\Application\GameObject\EmitterManager\EmitterManager.cpp" />
    <ClCompile Include="Source\Application\GameObject\House\House.cpp" />
    <ClCompile Include="Source\Application\GameObject\Tree\Tree.cpp" />
    <ClCompile Include="Source\Engine\Lights\PointLightManager.cpp" />
    <ClCompile Include="Source\Engine\Lights\DirectionalLightManager.cpp" />
    <ClCompile Include="Source\Engine\Lights\SpotLightManager.cpp" />
    <ClCompile Include="Source\Application\GameObject\MatsumotoObj\GameSceneObj\GameOverEvent.cpp" />
    <ClCompile Include="Source\Application\GameObject\MatsumotoObj\SceneStaticValue.cpp" />
    <ClCompile Include="Source\Application\GameObject\MatsumotoObj\GameSceneObj\ExprostionParticle.cpp" />
    <ClCompile Include="Source\Application\GameObject\MatsumotoObj\GameSceneObj\ExprostionParticleEmitter.cpp" />
    <ClCompile Include="Source\Application\GameObject\Ground.cpp" />
    <ClCompile Include="Source\Application\GameObject\Nest\Nest.cpp" />
    <ClCompile Include="Source\Application\System\Shake.cpp" />
    <ClCompile Include="Source\Application\GameObject\UI\RedPinchScreen.cpp" />
    <ClCompile Include="Source\Application\GameObject\PlayerDirectionSpotLight.cpp" />
    <ClCompile Include="Source\Application\GameObject\Enemy\EnemyBeak.cpp" />
    <ClCompile Include="Source\Application\GameObject\BetoBeto\BetoBeto.cpp" />
    <ClCompile Include="Source\Application\GameObject\MatsumotoObj\GameSceneObj\AttackAreaEffect.cpp" />
    <ClCompile Include="Source\Application\GameObject\MatsumotoObj\GameSceneObj\AttackAreaEmitter.cpp" />
    <ClCompile Include="Source\Application\GameObject\MatsumotoObj\SceneStaticClassManager.cpp" />
  </ItemGroup>
  <ItemGroup>
    <ClInclude Include="Source\Application\GameObject\UI\PauseScreen.h" />
    <ClInclude Include="Source\Application\GameObject\Enemy\EnemyShotWaveManager.h" />
    <ClInclude Include="Source\Application\GameObject\Enemy\EnemyShockWaveManager.h" />
    <ClInclude Include="Source\Application\GameObject\Enemy\EnemyShockWave.h" />
    <ClInclude Include="Source\Application\GameObject\Enemy\EnemyBomb.h" />
    <ClInclude Include="Source\Application\GameObject\Enemy\EnemyBombManager.h" />
    <ClInclude Include="Source\Application\GameObject\Enemy\EnemyFloorChangeManager.h" />
    <ClInclude Include="Source\Application\GameObject\MatsumotoObj\GameSceneObj\Data\FloorData.h" />
    <ClInclude Include="Source\Application\GameObject\MatsumotoObj\GameSceneObj\Data\MapData.h" />
    <ClInclude Include="Source\Application\GameObject\MatsumotoObj\GameSceneObj\FloorActionManager.h" />
    <ClInclude Include="Source\Application\GameObject\MatsumotoObj\GameSceneObj\FloorGamePlayerAnimationManager.h" />
    <ClInclude Include="Source\Application\GameObject\MatsumotoObj\GameSceneObj\PlayerStripFloorManager.h" />
    <ClInclude Include="Source\Application\GameObject\MatsumotoObj\GameSceneObj\StrippedFloor.h" />
    <ClInclude Include="Source\Application\GameObject\UI\HPIcon.h" />
    <ClInclude Include="Source\Application\GameObject\UI\HPGage.h" />
    <ClInclude Include="Source\Application\GameObject\Enemy\EnemyShotBulletManager.h" />
    <ClInclude Include="Source\Application\GameObject\Enemy\EnemyBulletManager.h" />
    <ClInclude Include="Source\Application\GameObject\Enemy\EnemyBullet.h" />
    <ClInclude Include="Source\Application\Scene\ResultScene.h" />
    <ClInclude Include="Source\Application\GameObject\MatsumotoObj\GameSceneObj\FloorBullet.h" />
    <ClInclude Include="Source\Application\GameObject\MatsumotoObj\GameSceneObj\FloorBulletManager.h" />
    <ClInclude Include="Source\Application\GameObject\MatsumotoObj\GameSceneObj\FloorGameFloor.h" />
    <ClInclude Include="Source\Application\GameObject\MatsumotoObj\GameSceneObj\FloorGameFloorManager.h" />
    <ClInclude Include="Source\Application\GameObject\MatsumotoObj\GameSceneObj\FloorGamePlayer.h" />
    <ClInclude Include="Source\Application\GameObject\MatsumotoObj\GameSceneObj\FloorPlayerShotBulletManager.h" />
    <ClInclude Include="Source\Application\GameObject\MatsumotoObj\GameSceneObj\FloorPlayerStripTargetUI.h" />
    <ClInclude Include="Source\Application\GameObject\MatsumotoObj\GameSceneObj\FloorStripManager.h" />
    <ClInclude Include="Source\Application\GameObject\MatsumotoObj\KeyBindConfig.h" />
    <ClInclude Include="Source\Application\GameObject\MatsumotoObj\MY_Utility.h" />
    <ClInclude Include="Source\Application\Scene\GameScene.h" />
    <ClInclude Include="Source\Application\GameObject\Enemy\Enemy.h" />
    <ClInclude Include="Source\Application\GameObject\CharacterState.h" />
    <ClInclude Include="Source\Engine\JsonFile\JsonFile.h" />
    <ClInclude Include="Source\Engine\Math\Structs\Circle.h" />
    <ClInclude Include="Source\Engine\Mesh\Circle\CircleMesh.h" />
    <ClInclude Include="Source\Engine\Particle\ParticleEmitter.h" />
    <ClInclude Include="Source\Engine\Object3d\Object3d.h" />
    <ClInclude Include="Source\Engine\SceneManager\SceneChange.h" />
    <ClInclude Include="Source\Engine\Mesh\MeshCommon\VertexData.h" />
    <ClInclude Include="Source\Engine\DirectXCommon\BlendMode.h" />
    <ClInclude Include="Source\Application\System\Collider.h" />
    <ClInclude Include="Source\Application\System\CollisionConfig.h" />
    <ClInclude Include="Source\Application\System\CollisionManager.h" />
    <ClInclude Include="Source\Engine\Math\Random\Random.h" />
    <ClInclude Include="Source\Engine\Mesh\MeshCommon\MeshCommon.h" />
    <ClInclude Include="Source\Engine\SceneManager\SceneManager.h" />
    <ClInclude Include="Source\Engine\Mesh\Model\ModelManager.h" />
    <ClInclude Include="Source\Engine\Mesh\Plane\PlaneMesh.h" />
    <ClInclude Include="Source\Engine\DirectXCommon\DirectXCommon.h" />
    <ClInclude Include="externals\imgui\imconfig.h" />
    <ClInclude Include="externals\imgui\imgui.h" />
    <ClInclude Include="externals\imgui\imgui_impl_dx12.h" />
    <ClInclude Include="externals\imgui\imgui_impl_win32.h" />
    <ClInclude Include="externals\imgui\imgui_internal.h" />
    <ClInclude Include="externals\imgui\imstb_rectpack.h" />
    <ClInclude Include="externals\imgui\imstb_textedit.h" />
    <ClInclude Include="externals\imgui\imstb_truetype.h" />
    <ClInclude Include="Source\Engine\hlslTypeToCpp.h" />
    <ClInclude Include="Source\Engine\Particle\Particle.h" />
    <ClInclude Include="Source\Engine\DirectXCommon\MyEngine.h" />
    <ClInclude Include="Source\Engine\Mesh\MeshCommon\Balloon.h" />
    <ClInclude Include="Source\Engine\PSO\BlendState.h" />
    <ClInclude Include="Source\Engine\Camera\Camera.h" />
    <ClInclude Include="Source\Engine\DirectXCommon\CommandList.h" />
    <ClInclude Include="Source\Engine\DirectXCommon\CommandQueue.h" />
    <ClInclude Include="Source\Engine\PSO\CompileShader.h" />
    <ClInclude Include="Source\Engine\DirectXCommon\CrashHandler.h" />
    <ClInclude Include="Source\Engine\Mesh\Cube\CubeMesh.h" />
    <ClInclude Include="Source\Engine\DirectXCommon\D3DResourceLeakChecker.h" />
    <ClInclude Include="Source\Engine\Camera\DebugCamera.h" />
    <ClInclude Include="Source\Engine\DirectXCommon\DebugError.h" />
    <ClInclude Include="Source\Engine\ImGui\DebugUI.h" />
    <ClInclude Include="Source\Engine\PSO\Depth.h" />
    <ClInclude Include="Source\Engine\Lights\Light.h" />
    <ClInclude Include="Source\Engine\Mesh\Grid\DrawGrid.h" />
    <ClInclude Include="Source\Engine\DirectXCommon\DXGIFactory.h" />
    <ClInclude Include="Source\Engine\DirectXCommon\Fence.h" />
    <ClInclude Include="Source\Engine\DirectXCommon\GPU.h" />
    <ClInclude Include="Source\Engine\ImGui\ImGuiClass.h" />
    <ClInclude Include="Source\Engine\Input\Input.h" />
    <ClInclude Include="Source\Engine\PSO\InputLayout.h" />
    <ClInclude Include="Source\Engine\Mesh\Line\LineMesh.h" />
    <ClInclude Include="Source\Engine\DirectXCommon\Log.h" />
    <ClInclude Include="Source\Engine\Surface\MaterialData.h" />
    <ClInclude Include="Source\Engine\Surface\MaterialResource.h" />
    <ClInclude Include="Source\Engine\Math\Structs\AABB.h" />
    <ClInclude Include="Source\Engine\Math\Collision\Collision.h" />
    <ClInclude Include="Source\Engine\Math\CoordinateTransform\CoordinateTransform.h" />
    <ClInclude Include="Source\Engine\Math\Cotangent\cotangent.h" />
    <ClInclude Include="Source\Engine\Math\Lerp\Easing.h" />
    <ClInclude Include="Source\Engine\Math\Lerp\Lerp.h" />
    <ClInclude Include="Source\Engine\Math\Structs\Line.h" />
    <ClInclude Include="Source\Engine\Math\Matrix\MakeMatrix.h" />
    <ClInclude Include="Source\Engine\Math\Matrix\Matrix3x3.h" />
    <ClInclude Include="Source\Engine\Math\Matrix\Matrix4x4.h" />
    <ClInclude Include="Source\Engine\Math\Structs\Pendulum.h" />
    <ClInclude Include="Source\Engine\Math\Structs\Plane.h" />
    <ClInclude Include="Source\Engine\Math\Ray.h" />
    <ClInclude Include="Source\Engine\Math\Segment.h" />
    <ClInclude Include="Source\Engine\Math\Project.h" />
    <ClInclude Include="Source\Engine\Math\Structs\Sphere.h" />
    <ClInclude Include="Source\Engine\Math\SphericalCoordinate\SphericalCoordinate.h" />
    <ClInclude Include="Source\Engine\Math\Structs\Transform.h" />
    <ClInclude Include="Source\Engine\Math\Structs\Triangle.h" />
    <ClInclude Include="Source\Engine\Math\Vector\Vector2.h" />
    <ClInclude Include="Source\Engine\Math\Vector\Vector3.h" />
    <ClInclude Include="Source\Engine\Math\Vector\Vector4.h" />
    <ClInclude Include="Source\Engine\Math\WorldTransform\WorldTransform.h" />
    <ClInclude Include="Source\Engine\Mesh\Model\Model.h" />
    <ClInclude Include="Source\Engine\Mesh\Model\ModelData.h" />
    <ClInclude Include="Source\Engine\PSO\PSO.h" />
    <ClInclude Include="Source\Engine\PSO\RasterizerState.h" />
    <ClInclude Include="Source\Engine\DirectXCommon\RenderTargetView.h" />
    <ClInclude Include="Source\Engine\PSO\RootSignature.h" />
    <ClInclude Include="Source\Engine\DirectXCommon\ScissorRect.h" />
    <ClInclude Include="Source\Engine\Sound\Sound.h" />
    <ClInclude Include="Source\Engine\Mesh\Sphere\SphereMesh.h" />
    <ClInclude Include="Source\Engine\Mesh\Sprite\Sprite.h" />
    <ClInclude Include="Source\Engine\DirectXCommon\SwapChain.h" />
    <ClInclude Include="Source\Engine\Math\Matrix\TransformationMatrix.h" />
    <ClInclude Include="Source\Engine\DirectXCommon\TransitionBarrier.h" />
    <ClInclude Include="Source\Engine\DirectXCommon\Viewport.h" />
    <ClInclude Include="Source\Engine\Mesh\MeshCommon\Wave.h" />
    <ClInclude Include="Source\Engine\DirectXCommon\Window.h" />
    <ClInclude Include="Source\Engine\DirectXCommon\StringUtility.h" />
    <ClInclude Include="Source\Engine\Mesh\Sprite\SpriteCommon.h" />
    <ClInclude Include="Source\Engine\Surface\Texture.h" />
    <ClInclude Include="Source\Engine\Camera\SpriteCamera.h" />
    <ClInclude Include="Source\Engine\SRVmanager\SrvManager.h" />
    <ClInclude Include="Source\Application\GameObject\UI\UIManager.h" />
    <ClInclude Include="Source\Application\Scene\TitleScene.h" />
    <ClInclude Include="Source\Application\GameObject\MatsumotoObj\TitleSceneObj\ActionUI.h" />
    <ClInclude Include="Source\Application\GameObject\MatsumotoObj\TitleSceneObj\BossDummy.h" />
    <ClInclude Include="Source\Application\GameObject\MatsumotoObj\TitleSceneObj\LetterboxBars.h" />
    <ClInclude Include="Source\Application\GameObject\MatsumotoObj\TitleSceneObj\TitleText.h" />
    <ClInclude Include="Source\Application\System\CameraController.h" />
    <ClInclude Include="Source\Application\GameObject\MatsumotoObj\GameSceneObj\HealItem.h" />
    <ClInclude Include="Source\Application\GameObject\MatsumotoObj\GameSceneObj\HealItemSpawner.h" />
    <ClInclude Include="Source\Application\GameObject\MatsumotoObj\SceneStaticValue.h" />
    <ClInclude Include="Source\Application\GameObject\MatsumotoObj\ResultSceneObj\ResultSprite.h" />
    <ClInclude Include="Source\Engine\Input\VibrateManager.h" />
    <ClInclude Include="Source\Application\GameObject\EmitterManager\EmitterManager.h" />
    <ClInclude Include="Source\Application\GameObject\House\House.h" />
    <ClInclude Include="Source\Application\GameObject\Tree\Tree.h" />
    <ClInclude Include="Source\Engine\Lights\PointLightManager.h" />
    <ClInclude Include="Source\Engine\Lights\DirectionalLightManager.h" />
    <ClInclude Include="Source\Engine\Lights\SpotLightManager.h" />
    <ClInclude Include="Source\Application\GameObject\MatsumotoObj\GameSceneObj\GameOverEvent.h" />
    <ClInclude Include="Source\Application\GameObject\MatsumotoObj\GameSceneObj\ExprostionParticle.h" />
    <ClInclude Include="Source\Application\GameObject\MatsumotoObj\GameSceneObj\ExprostionParticleEmitter.h" />
    <ClInclude Include="Source\Application\GameObject\Ground.h" />
    <ClInclude Include="Source\Application\GameObject\Nest\Nest.h" />
    <ClInclude Include="Source\Application\System\Shake.h" />
    <ClInclude Include="Source\Application\GameObject\UI\RedPinchScreen.h" />
    <ClInclude Include="Source\Application\GameObject\PlayerDirectionSpotLight.h" />
    <ClInclude Include="Source\Application\GameObject\Enemy\EnemyBeak.h" />
    <ClInclude Include="Source\Application\GameObject\BetoBeto\BetoBeto.h" />
    <ClInclude Include="Source\Application\GameObject\MatsumotoObj\GameSceneObj\AttackAreaEffect.h" />
    <ClInclude Include="Source\Application\GameObject\MatsumotoObj\GameSceneObj\AttackAreaEmitter.h" />
    <ClInclude Include="Source\Application\GameObject\MatsumotoObj\SceneStaticClassManager.h" />
  </ItemGroup>
  <ItemGroup>
    <Library Include="externals\assimp\lib\Debug\assimp-vc143-mdd.lib" />
    <Library Include="externals\assimp\lib\Debug\assimp-vc143-mtd.lib" />
  </ItemGroup>
  <ItemGroup>
    <Image Include="Resources\numbers.png" />
    <Image Include="Resources\player.png" />
    <Image Include="Resources\uvChecker.png" />
    <Image Include="Resources\white1x1.png" />
  </ItemGroup>
  <ItemGroup>
    <None Include="externals\assimp\lib\Debug\assimp-vc143-mtd.pdb" />
    <None Include="Resource\JsonFiles\Boss.json" />
    <None Include="Resource\JsonFiles\config.json" />
    <None Include="Resource\JsonFiles\player.json" />
  </ItemGroup>
  <ItemGroup>
    <Text Include="externals\imgui\LICENSE.txt" />
  </ItemGroup>
</Project>